{
	"name": "tallyarbiter-relaylistener",
	"version": "2.1.0",
	"lockfileVersion": 2,
	"requires": true,
	"packages": {
		"": {
			"name": "tallyarbiter-relaylistener",
			"version": "2.1.0",
			"license": "MIT",
			"dependencies": {
				"@josephdadams/usbrelay": "^1.0.3",
				"bonjour": "^3.5.1",
				"cli-color": "^2.0.4",
				"socket.io-client": "4.8.3",
				"uuid": "^14.0.1"
			}
		},
		"node_modules/@josephdadams/usbrelay": {
			"version": "1.0.3",
			"resolved": "https://registry.npmjs.org/@josephdadams/usbrelay/-/usbrelay-1.0.3.tgz",
			"integrity": "sha512-nCEILq59oCFnKbrJSWzWrbjCtF9qifdPcQIb2hN5wLQZstO5cA9Izs24Jm6PlSxVEC5tTBTEk523o3Vmi8H74g==",
			"dependencies": {
				"node-hid": "^2.1.1"
			}
		},
		"node_modules/@leichtgewicht/ip-codec": {
			"version": "2.0.5",
			"resolved": "https://registry.npmjs.org/@leichtgewicht/ip-codec/-/ip-codec-2.0.5.tgz",
			"integrity": "sha512-Vo+PSpZG2/fmgmiNzYK9qWRh8h/CHrwD0mo1h1DzL4yzHNSfWYujGTYsWGreD000gcgmZ7K4Ys6Tx9TxtsKdDw=="
		},
		"node_modules/@socket.io/component-emitter": {
			"version": "3.1.2",
			"resolved": "https://registry.npmjs.org/@socket.io/component-emitter/-/component-emitter-3.1.2.tgz",
			"integrity": "sha512-9BCxFwvbGg/RsZK9tjXd8s4UcwR0MWeFQ1XEKIQVVvAGJyINdrqKMcTRyLoK8Rse1GjzLV9cwjWV1olXRWEXVA=="
		},
		"node_modules/array-flatten": {
			"version": "2.1.2",
			"resolved": "https://registry.npmjs.org/array-flatten/-/array-flatten-2.1.2.tgz",
			"integrity": "sha512-hNfzcOV8W4NdualtqBFPyVO+54DSJuZGY9qT4pRroB6S9e3iiido2ISIC5h9R2sPJ8H3FHCIiEnsv1lPXO3KtQ=="
		},
		"node_modules/bonjour": {
			"version": "3.5.1",
			"resolved": "https://registry.npmjs.org/bonjour/-/bonjour-3.5.1.tgz",
			"integrity": "sha512-xONzj4PfpPJw6xSqCcT2SmQkBOXpUINUz3o3qXcWJwYlXbkZNcNaUae0o5lle7tKt4HHV6dTgkIRhAXZ3nBMsQ==",
			"dependencies": {
				"array-flatten": "^2.1.0",
				"deep-equal": "^1.0.1",
				"dns-equal": "^1.0.0",
				"dns-txt": "^2.0.2",
				"multicast-dns": "^7.2.3",
				"multicast-dns-service-types": "^1.1.0"
			}
		},
		"node_modules/buffer-indexof": {
			"version": "1.1.1",
			"resolved": "https://registry.npmjs.org/buffer-indexof/-/buffer-indexof-1.1.1.tgz",
			"integrity": "sha512-4/rOEg86jivtPTeOUUT61jJO1Ya1TrR/OkqCSZDyq84WJh3LuuiphBYJN+fm5xufIk4XAFcEwte/8WzC8If/1g=="
		},
		"node_modules/call-bind": {
			"version": "1.0.2",
			"resolved": "https://registry.npmjs.org/call-bind/-/call-bind-1.0.2.tgz",
			"integrity": "sha512-7O+FbCihrB5WGbFYesctwmTKae6rOiIzmz1icreWJ+0aA7LJfuqhEso2T9ncpcFtzMQtzXf2QGGueWJGTYsqrA==",
			"dependencies": {
				"function-bind": "^1.1.1",
				"get-intrinsic": "^1.0.2"
			},
			"funding": {
				"url": "https://github.com/sponsors/ljharb"
			}
		},
		"node_modules/cli-color": {
			"version": "2.0.4",
			"resolved": "https://registry.npmjs.org/cli-color/-/cli-color-2.0.4.tgz",
			"integrity": "sha512-zlnpg0jNcibNrO7GG9IeHH7maWFeCz+Ja1wx/7tZNU5ASSSSZ+/qZciM0/LHCYxSdqv5h2sdbQ/PXYdOuetXvA==",
			"dependencies": {
				"d": "^1.0.1",
				"es5-ext": "^0.10.64",
				"es6-iterator": "^2.0.3",
				"memoizee": "^0.4.15",
				"timers-ext": "^0.1.7"
			},
			"engines": {
				"node": ">=0.10"
			}
		},
		"node_modules/d": {
			"version": "1.0.1",
			"resolved": "https://registry.npmjs.org/d/-/d-1.0.1.tgz",
			"integrity": "sha512-m62ShEObQ39CfralilEQRjH6oAMtNCV1xJyEx5LpRYUVN+EviphDgUc/F3hnYbADmkiNs67Y+3ylmlG7Lnu+FA==",
			"dependencies": {
				"es5-ext": "^0.10.50",
				"type": "^1.0.1"
			}
		},
		"node_modules/debug": {
			"version": "4.4.3",
			"resolved": "https://registry.npmjs.org/debug/-/debug-4.4.3.tgz",
			"integrity": "sha512-RGwwWnwQvkVfavKVt22FGLw+xYSdzARwm0ru6DhTVA3umU5hZc28V3kO4stgYryrTlLpuvgI9GiijltAjNbcqA==",
			"dependencies": {
				"ms": "^2.1.3"
			},
			"engines": {
				"node": ">=6.0"
			},
			"peerDependenciesMeta": {
				"supports-color": {
					"optional": true
				}
			}
		},
		"node_modules/deep-equal": {
			"version": "1.1.1",
			"resolved": "https://registry.npmjs.org/deep-equal/-/deep-equal-1.1.1.tgz",
			"integrity": "sha512-yd9c5AdiqVcR+JjcwUQb9DkhJc8ngNr0MahEBGvDiJw8puWab2yZlh+nkasOnZP+EGTAP6rRp2JzJhJZzvNF8g==",
			"dependencies": {
				"is-arguments": "^1.0.4",
				"is-date-object": "^1.0.1",
				"is-regex": "^1.0.4",
				"object-is": "^1.0.1",
				"object-keys": "^1.1.1",
				"regexp.prototype.flags": "^1.2.0"
			},
			"funding": {
				"url": "https://github.com/sponsors/ljharb"
			}
		},
		"node_modules/define-properties": {
			"version": "1.1.3",
			"resolved": "https://registry.npmjs.org/define-properties/-/define-properties-1.1.3.tgz",
			"integrity": "sha512-3MqfYKj2lLzdMSf8ZIZE/V+Zuy+BgD6f164e8K2w7dgnpKArBDerGYpM46IYYcjnkdPNMjPk9A6VFB8+3SKlXQ==",
			"dependencies": {
				"object-keys": "^1.0.12"
			},
			"engines": {
				"node": ">= 0.4"
			}
		},
		"node_modules/dns-equal": {
			"version": "1.0.0",
			"resolved": "https://registry.npmjs.org/dns-equal/-/dns-equal-1.0.0.tgz",
			"integrity": "sha1-s55/HabrCnW6nBcySzR1PEfgZU0="
		},
		"node_modules/dns-packet": {
			"version": "5.6.1",
			"resolved": "https://registry.npmjs.org/dns-packet/-/dns-packet-5.6.1.tgz",
			"integrity": "sha512-l4gcSouhcgIKRvyy99RNVOgxXiicE+2jZoNmaNmZ6JXiGajBOJAesk1OBlJuM5k2c+eudGdLxDqXuPCKIj6kpw==",
			"dependencies": {
				"@leichtgewicht/ip-codec": "^2.0.1"
			},
			"engines": {
				"node": ">=6"
			}
		},
		"node_modules/dns-txt": {
			"version": "2.0.2",
			"resolved": "https://registry.npmjs.org/dns-txt/-/dns-txt-2.0.2.tgz",
			"integrity": "sha1-uR2Ab10nGI5Ks+fRB9iBocxGQrY=",
			"dependencies": {
				"buffer-indexof": "^1.0.0"
			}
		},
		"node_modules/engine.io-client": {
			"version": "6.6.6",
			"resolved": "https://registry.npmjs.org/engine.io-client/-/engine.io-client-6.6.6.tgz",
			"integrity": "sha512-iY6QdftLQ9pyiPoX082bpf/u1UewnOaJrtJIF9T0++QB34lZrj0uP+Q/bj8AlUsAxqhnkTV2BS8SBZSxOmoV5Q==",
			"license": "MIT",
			"dependencies": {
				"@socket.io/component-emitter": "~3.1.0",
				"debug": "~4.4.1",
				"engine.io-parser": "~5.2.1",
				"ws": "~8.21.0",
				"xmlhttprequest-ssl": "~2.1.1"
			}
		},
		"node_modules/engine.io-parser": {
			"version": "5.2.3",
			"resolved": "https://registry.npmjs.org/engine.io-parser/-/engine.io-parser-5.2.3.tgz",
			"integrity": "sha512-HqD3yTBfnBxIrbnM1DoD6Pcq8NECnh8d4As1Qgh0z5Gg3jRRIqijury0CL3ghu/edArpUYiYqQiDUQBIs4np3Q==",
			"engines": {
				"node": ">=10.0.0"
			}
		},
		"node_modules/es5-ext": {
			"version": "0.10.64",
			"resolved": "https://registry.npmjs.org/es5-ext/-/es5-ext-0.10.64.tgz",
			"integrity": "sha512-p2snDhiLaXe6dahss1LddxqEm+SkuDvV8dnIQG0MWjyHpcMNfXKPE+/Cc0y+PhxJX3A4xGNeFCj5oc0BUh6deg==",
			"hasInstallScript": true,
			"dependencies": {
				"es6-iterator": "^2.0.3",
				"es6-symbol": "^3.1.3",
				"esniff": "^2.0.1",
				"next-tick": "^1.1.0"
			},
			"engines": {
				"node": ">=0.10"
			}
		},
		"node_modules/es6-iterator": {
			"version": "2.0.3",
			"resolved": "https://registry.npmjs.org/es6-iterator/-/es6-iterator-2.0.3.tgz",
			"integrity": "sha1-p96IkUGgWpSwhUQDstCg+/qY87c=",
			"dependencies": {
				"d": "1",
				"es5-ext": "^0.10.35",
				"es6-symbol": "^3.1.1"
			}
		},
		"node_modules/es6-symbol": {
			"version": "3.1.3",
			"resolved": "https://registry.npmjs.org/es6-symbol/-/es6-symbol-3.1.3.tgz",
			"integrity": "sha512-NJ6Yn3FuDinBaBRWl/q5X/s4koRHBrgKAu+yGI6JCBeiu3qrcbJhwT2GeR/EXVfylRk8dpQVJoLEFhK+Mu31NA==",
			"dependencies": {
				"d": "^1.0.1",
				"ext": "^1.1.2"
			}
		},
		"node_modules/es6-weak-map": {
			"version": "2.0.3",
			"resolved": "https://registry.npmjs.org/es6-weak-map/-/es6-weak-map-2.0.3.tgz",
			"integrity": "sha512-p5um32HOTO1kP+w7PRnB+5lQ43Z6muuMuIMffvDN8ZB4GcnjLBV6zGStpbASIMk4DCAvEaamhe2zhyCb/QXXsA==",
			"dependencies": {
				"d": "1",
				"es5-ext": "^0.10.46",
				"es6-iterator": "^2.0.3",
				"es6-symbol": "^3.1.1"
			}
		},
		"node_modules/esniff": {
			"version": "2.0.1",
			"resolved": "https://registry.npmjs.org/esniff/-/esniff-2.0.1.tgz",
			"integrity": "sha512-kTUIGKQ/mDPFoJ0oVfcmyJn4iBDRptjNVIzwIFR7tqWXdVI9xfA2RMwY/gbSpJG3lkdWNEjLap/NqVHZiJsdfg==",
			"dependencies": {
				"d": "^1.0.1",
				"es5-ext": "^0.10.62",
				"event-emitter": "^0.3.5",
				"type": "^2.7.2"
			},
			"engines": {
				"node": ">=0.10"
			}
		},
		"node_modules/esniff/node_modules/type": {
			"version": "2.7.2",
			"resolved": "https://registry.npmjs.org/type/-/type-2.7.2.tgz",
			"integrity": "sha512-dzlvlNlt6AXU7EBSfpAscydQ7gXB+pPGsPnfJnZpiNJBDj7IaJzQlBZYGdEi4R9HmPdBv2XmWJ6YUtoTa7lmCw=="
		},
		"node_modules/event-emitter": {
			"version": "0.3.5",
			"resolved": "https://registry.npmjs.org/event-emitter/-/event-emitter-0.3.5.tgz",
			"integrity": "sha1-34xp7vFkeSPHFXuc6DhAYQsCzDk=",
			"dependencies": {
				"d": "1",
				"es5-ext": "~0.10.14"
			}
		},
		"node_modules/ext": {
			"version": "1.6.0",
			"resolved": "https://registry.npmjs.org/ext/-/ext-1.6.0.tgz",
			"integrity": "sha512-sdBImtzkq2HpkdRLtlLWDa6w4DX22ijZLKx8BMPUuKe1c5lbN6xwQDQCxSfxBQnHZ13ls/FH0MQZx/q/gr6FQg==",
			"dependencies": {
				"type": "^2.5.0"
			}
		},
		"node_modules/ext/node_modules/type": {
			"version": "2.5.0",
			"resolved": "https://registry.npmjs.org/type/-/type-2.5.0.tgz",
			"integrity": "sha512-180WMDQaIMm3+7hGXWf12GtdniDEy7nYcyFMKJn/eZz/6tSLXrUN9V0wKSbMjej0I1WHWbpREDEKHtqPQa9NNw=="
		},
		"node_modules/function-bind": {
			"version": "1.1.1",
			"resolved": "https://registry.npmjs.org/function-bind/-/function-bind-1.1.1.tgz",
			"integrity": "sha512-yIovAzMX49sF8Yl58fSCWJ5svSLuaibPxXQJFLmBObTuCr0Mf1KiPopGM9NiFjiYBCbfaa2Fh6breQ6ANVTI0A=="
		},
		"node_modules/get-intrinsic": {
			"version": "1.1.1",
			"resolved": "https://registry.npmjs.org/get-intrinsic/-/get-intrinsic-1.1.1.tgz",
			"integrity": "sha512-kWZrnVM42QCiEA2Ig1bG8zjoIMOgxWwYCEeNdwY6Tv/cOSeGpcoX4pXHfKUxNKVoArnrEr2e9srnAxxGIraS9Q==",
			"dependencies": {
				"function-bind": "^1.1.1",
				"has": "^1.0.3",
				"has-symbols": "^1.0.1"
			},
			"funding": {
				"url": "https://github.com/sponsors/ljharb"
			}
		},
		"node_modules/has": {
			"version": "1.0.3",
			"resolved": "https://registry.npmjs.org/has/-/has-1.0.3.tgz",
			"integrity": "sha512-f2dvO0VU6Oej7RkWJGrehjbzMAjFp5/VKPp5tTpWIV4JHHZK1/BxbFRtf/siA2SWTe09caDmVtYYzWEIbBS4zw==",
			"dependencies": {
				"function-bind": "^1.1.1"
			},
			"engines": {
				"node": ">= 0.4.0"
			}
		},
		"node_modules/has-symbols": {
			"version": "1.0.2",
			"resolved": "https://registry.npmjs.org/has-symbols/-/has-symbols-1.0.2.tgz",
			"integrity": "sha512-chXa79rL/UC2KlX17jo3vRGz0azaWEx5tGqZg5pO3NUyEJVB17dMruQlzCCOfUvElghKcm5194+BCRvi2Rv/Gw==",
			"engines": {
				"node": ">= 0.4"
			},
			"funding": {
				"url": "https://github.com/sponsors/ljharb"
			}
		},
		"node_modules/has-tostringtag": {
			"version": "1.0.0",
			"resolved": "https://registry.npmjs.org/has-tostringtag/-/has-tostringtag-1.0.0.tgz",
			"integrity": "sha512-kFjcSNhnlGV1kyoGk7OXKSawH5JOb/LzUc5w9B02hOTO0dfFRjbHQKvg1d6cf3HbeUmtU9VbbV3qzZ2Teh97WQ==",
			"dependencies": {
				"has-symbols": "^1.0.2"
			},
			"engines": {
				"node": ">= 0.4"
			},
			"funding": {
				"url": "https://github.com/sponsors/ljharb"
			}
		},
		"node_modules/is-arguments": {
			"version": "1.1.1",
			"resolved": "https://registry.npmjs.org/is-arguments/-/is-arguments-1.1.1.tgz",
			"integrity": "sha512-8Q7EARjzEnKpt/PCD7e1cgUS0a6X8u5tdSiMqXhojOdoV9TsMsiO+9VLC5vAmO8N7/GmXn7yjR8qnA6bVAEzfA==",
			"dependencies": {
				"call-bind": "^1.0.2",
				"has-tostringtag": "^1.0.0"
			},
			"engines": {
				"node": ">= 0.4"
			},
			"funding": {
				"url": "https://github.com/sponsors/ljharb"
			}
		},
		"node_modules/is-date-object": {
			"version": "1.0.5",
			"resolved": "https://registry.npmjs.org/is-date-object/-/is-date-object-1.0.5.tgz",
			"integrity": "sha512-9YQaSxsAiSwcvS33MBk3wTCVnWK+HhF8VZR2jRxehM16QcVOdHqPn4VPHmRK4lSr38n9JriurInLcP90xsYNfQ==",
			"dependencies": {
				"has-tostringtag": "^1.0.0"
			},
			"engines": {
				"node": ">= 0.4"
			},
			"funding": {
				"url": "https://github.com/sponsors/ljharb"
			}
		},
		"node_modules/is-promise": {
			"version": "2.2.2",
			"resolved": "https://registry.npmjs.org/is-promise/-/is-promise-2.2.2.tgz",
			"integrity": "sha512-+lP4/6lKUBfQjZ2pdxThZvLUAafmZb8OAxFb8XXtiQmS35INgr85hdOGoEs124ez1FCnZJt6jau/T+alh58QFQ=="
		},
		"node_modules/is-regex": {
			"version": "1.1.4",
			"resolved": "https://registry.npmjs.org/is-regex/-/is-regex-1.1.4.tgz",
			"integrity": "sha512-kvRdxDsxZjhzUX07ZnLydzS1TU/TJlTUHHY4YLL87e37oUA49DfkLqgy+VjFocowy29cKvcSiu+kIv728jTTVg==",
			"dependencies": {
				"call-bind": "^1.0.2",
				"has-tostringtag": "^1.0.0"
			},
			"engines": {
				"node": ">= 0.4"
			},
			"funding": {
				"url": "https://github.com/sponsors/ljharb"
			}
		},
		"node_modules/lru-queue": {
			"version": "0.1.0",
			"resolved": "https://registry.npmjs.org/lru-queue/-/lru-queue-0.1.0.tgz",
			"integrity": "sha1-Jzi9nw089PhEkMVzbEhpmsYyzaM=",
			"dependencies": {
				"es5-ext": "~0.10.2"
			}
		},
		"node_modules/memoizee": {
			"version": "0.4.15",
			"resolved": "https://registry.npmjs.org/memoizee/-/memoizee-0.4.15.tgz",
			"integrity": "sha512-UBWmJpLZd5STPm7PMUlOw/TSy972M+z8gcyQ5veOnSDRREz/0bmpyTfKt3/51DhEBqCZQn1udM/5flcSPYhkdQ==",
			"dependencies": {
				"d": "^1.0.1",
				"es5-ext": "^0.10.53",
				"es6-weak-map": "^2.0.3",
				"event-emitter": "^0.3.5",
				"is-promise": "^2.2.2",
				"lru-queue": "^0.1.0",
				"next-tick": "^1.1.0",
				"timers-ext": "^0.1.7"
			}
		},
		"node_modules/ms": {
			"version": "2.1.3",
			"resolved": "https://registry.npmjs.org/ms/-/ms-2.1.3.tgz",
			"integrity": "sha512-6FlzubTLZG3J2a/NVCAleEhjzq5oxgHyaCU9yYXvcLsvoVaHJq/s5xXI6/XXP6tz7R9xAOtHnSO/tXtF3WRTlA=="
		},
		"node_modules/multicast-dns": {
			"version": "7.2.5",
			"resolved": "https://registry.npmjs.org/multicast-dns/-/multicast-dns-7.2.5.tgz",
			"integrity": "sha512-2eznPJP8z2BFLX50tf0LuODrpINqP1RVIm/CObbTcBRITQgmC/TjcREF1NeTBzIcR5XO/ukWo+YHOjBbFwIupg==",
			"dependencies": {
				"dns-packet": "^5.2.2",
				"thunky": "^1.0.2"
			},
			"bin": {
				"multicast-dns": "cli.js"
			}
		},
		"node_modules/multicast-dns-service-types": {
			"version": "1.1.0",
			"resolved": "https://registry.npmjs.org/multicast-dns-service-types/-/multicast-dns-service-types-1.1.0.tgz",
			"integrity": "sha1-iZ8R2WhuXgXLkbNdXw5jt3PPyQE="
		},
		"node_modules/next-tick": {
			"version": "1.1.0",
			"resolved": "https://registry.npmjs.org/next-tick/-/next-tick-1.1.0.tgz",
			"integrity": "sha512-CXdUiJembsNjuToQvxayPZF9Vqht7hewsvy2sOWafLvi2awflj9mOC6bHIg50orX8IJvWKY9wYQ/zB2kogPslQ=="
		},
		"node_modules/node-addon-api": {
			"version": "8.9.2",
			"resolved": "https://registry.npmjs.org/node-addon-api/-/node-addon-api-8.9.2.tgz",
			"integrity": "sha512-VijLXbi3UACN69I0JVXJsX4tjACjNoQDgv2gTF6sx2wWEi8tkSg2eX8p5gSIFi8z2+DL3oHmY6OyKce38SDolg==",
			"license": "MIT",
			"engines": {
				"node": "^18 || ^20 || >= 21"
			}
		},
		"node_modules/node-hid": {
			"version": "3.4.0",
			"resolved": "https://registry.npmjs.org/node-hid/-/node-hid-3.4.0.tgz",
			"integrity": "sha512-Br7EO3bJARAJBdtcsGzF/Vs5TjfbkaMdglqLQ+Rk9GOGgVqv5DxYUVH5znLerJU+OfBWw8sd552Ujcprz1bG9g==",
			"hasInstallScript": true,
			"license": "(MIT OR X11)",
			"dependencies": {
				"node-addon-api": "^8.9.0",
				"pkg-prebuilds": "^1.1.0"
			},
			"bin": {
				"hid-showdevices": "src/show-devices.js"
			},
			"engines": {
				"node": ">=10.16"
			}
		},
		"node_modules/object-is": {
			"version": "1.1.5",
			"resolved": "https://registry.npmjs.org/object-is/-/object-is-1.1.5.tgz",
			"integrity": "sha512-3cyDsyHgtmi7I7DfSSI2LDp6SK2lwvtbg0p0R1e0RvTqF5ceGx+K2dfSjm1bKDMVCFEDAQvy+o8c6a7VujOddw==",
			"dependencies": {
				"call-bind": "^1.0.2",
				"define-properties": "^1.1.3"
			},
			"engines": {
				"node": ">= 0.4"
			},
			"funding": {
				"url": "https://github.com/sponsors/ljharb"
			}
		},
		"node_modules/object-keys": {
			"version": "1.1.1",
			"resolved": "https://registry.npmjs.org/object-keys/-/object-keys-1.1.1.tgz",
			"integrity": "sha512-NuAESUOUMrlIXOfHKzD6bpPu3tYt3xvjNdRIQ+FeT0lNb4K8WR70CaDxhuNguS2XG+GjkyMwOzsN5ZktImfhLA==",
			"engines": {
				"node": ">= 0.4"
			}
		},
		"node_modules/pkg-prebuilds": {
			"version": "1.1.0",
			"resolved": "https://registry.npmjs.org/pkg-prebuilds/-/pkg-prebuilds-1.1.0.tgz",
			"integrity": "sha512-jyai+KTQ2OwbN6iRYw88XbYOMgtpoSYJpjYebx7d9ihqz3txNi3ucsBt3va0iVWe6svSlaqpijMHFF/eJCMZzg==",
			"license": "MIT",
			"bin": {
				"pkg-prebuilds-copy": "bin/copy.mjs",
				"pkg-prebuilds-verify": "bin/verify.mjs"
			},
			"engines": {
				"node": ">= 14.15.0"
			}
		},
		"node_modules/regexp.prototype.flags": {
			"version": "1.3.1",
			"resolved": "https://registry.npmjs.org/regexp.prototype.flags/-/regexp.prototype.flags-1.3.1.tgz",
			"integrity": "sha512-JiBdRBq91WlY7uRJ0ds7R+dU02i6LKi8r3BuQhNXn+kmeLN+EfHhfjqMRis1zJxnlu88hq/4dx0P2OP3APRTOA==",
			"dependencies": {
				"call-bind": "^1.0.2",
				"define-properties": "^1.1.3"
			},
			"engines": {
				"node": ">= 0.4"
			},
			"funding": {
				"url": "https://github.com/sponsors/ljharb"
			}
		},
		"node_modules/socket.io-client": {
			"version": "4.8.3",
			"resolved": "https://registry.npmjs.org/socket.io-client/-/socket.io-client-4.8.3.tgz",
			"integrity": "sha512-uP0bpjWrjQmUt5DTHq9RuoCBdFJF10cdX9X+a368j/Ft0wmaVgxlrjvK3kjvgCODOMMOz9lcaRzxmso0bTWZ/g==",
			"license": "MIT",
			"dependencies": {
				"@socket.io/component-emitter": "~3.1.0",
				"debug": "~4.4.1",
				"engine.io-client": "~6.6.1",
				"socket.io-parser": "~4.2.4"
			},
			"engines": {
				"node": ">=10.0.0"
			}
		},
		"node_modules/socket.io-parser": {
			"version": "4.2.7",
			"resolved": "https://registry.npmjs.org/socket.io-parser/-/socket.io-parser-4.2.7.tgz",
			"integrity": "sha512-IH/iSeO9T6gz1KkFleGDWkG9N3dl4jXVYUtMhIqH10Md0ttMer8nUNWiP1DKuNrybD2xBrixLJdCC9J6ECoYkg==",
			"dependencies": {
				"@socket.io/component-emitter": "~3.1.0",
				"debug": "~4.4.1"
			},
			"engines": {
				"node": ">=10.0.0"
			}
		},
		"node_modules/thunky": {
			"version": "1.1.0",
			"resolved": "https://registry.npmjs.org/thunky/-/thunky-1.1.0.tgz",
			"integrity": "sha512-eHY7nBftgThBqOyHGVN+l8gF0BucP09fMo0oO/Lb0w1OF80dJv+lDVpXG60WMQvkcxAkNybKsrEIE3ZtKGmPrA=="
		},
		"node_modules/timers-ext": {
			"version": "0.1.7",
			"resolved": "https://registry.npmjs.org/timers-ext/-/timers-ext-0.1.7.tgz",
			"integrity": "sha512-b85NUNzTSdodShTIbky6ZF02e8STtVVfD+fu4aXXShEELpozH+bCpJLYMPZbsABN2wDH7fJpqIoXxJpzbf0NqQ==",
			"dependencies": {
				"es5-ext": "~0.10.46",
				"next-tick": "1"
			}
		},
		"node_modules/type": {
			"version": "1.2.0",
			"resolved": "https://registry.npmjs.org/type/-/type-1.2.0.tgz",
			"integrity": "sha512-+5nt5AAniqsCnu2cEQQdpzCAh33kVx8n0VoFidKpB1dVVLAN/F+bgVOqOJqOnEnrhp222clB5p3vUlD+1QAnfg=="
		},
		"node_modules/uuid": {
			"version": "14.0.1",
			"resolved": "https://registry.npmjs.org/uuid/-/uuid-14.0.1.tgz",
			"integrity": "sha512-6ZxzVpzDXDa3bJWaHilVayA+BH/1zmxCJoVgvmqJnid/gPoKHxUrS/aC/T6LGQtNHT+XHG9fXPJB4d+IrU30Ew==",
			"funding": [
				"https://github.com/sponsors/broofa",
				"https://github.com/sponsors/ctavan"
			],
			"bin": {
				"uuid": "dist-node/bin/uuid"
			}
		},
		"node_modules/ws": {
			"version": "8.21.0",
			"resolved": "https://registry.npmjs.org/ws/-/ws-8.21.0.tgz",
			"integrity": "sha512-Vsp28b7DRcimFQvrqu2Wek3z1iYxDCWqHYB8Qsnk/S4RfaCQzPGPyBNuVjJV3cd6UiKtUtp6sNM77gWvzcCH+g==",
			"engines": {
				"node": ">=10.0.0"
			},
			"peerDependencies": {
				"bufferutil": "^4.0.1",
				"utf-8-validate": ">=5.0.2"
			},
			"peerDependenciesMeta": {
				"bufferutil": {
					"optional": true
				},
				"utf-8-validate": {
					"optional": true
				}
			}
		},
		"node_modules/xmlhttprequest-ssl": {
			"version": "2.1.2",
			"resolved": "https://registry.npmjs.org/xmlhttprequest-ssl/-/xmlhttprequest-ssl-2.1.2.tgz",
			"integrity": "sha512-TEU+nJVUUnA4CYJFLvK5X9AOeH4KvDvhIfm0vV1GaQRtchnG0hgK5p8hw/xjv8cunWYCsiPCSDzObPyhEwq3KQ==",
			"engines": {
				"node": ">=0.4.0"
			}
		}
	},
	"dependencies": {
		"@josephdadams/usbrelay": {
			"version": "1.0.3",
			"resolved": "https://registry.npmjs.org/@josephdadams/usbrelay/-/usbrelay-1.0.3.tgz",
			"integrity": "sha512-nCEILq59oCFnKbrJSWzWrbjCtF9qifdPcQIb2hN5wLQZstO5cA9Izs24Jm6PlSxVEC5tTBTEk523o3Vmi8H74g==",
			"requires": {
				"node-hid": "^3.4.0"
			}
		},
		"@leichtgewicht/ip-codec": {
			"version": "2.0.5",
			"resolved": "https://registry.npmjs.org/@leichtgewicht/ip-codec/-/ip-codec-2.0.5.tgz",
			"integrity": "sha512-Vo+PSpZG2/fmgmiNzYK9qWRh8h/CHrwD0mo1h1DzL4yzHNSfWYujGTYsWGreD000gcgmZ7K4Ys6Tx9TxtsKdDw=="
		},
		"@socket.io/component-emitter": {
			"version": "3.1.2",
			"resolved": "https://registry.npmjs.org/@socket.io/component-emitter/-/component-emitter-3.1.2.tgz",
			"integrity": "sha512-9BCxFwvbGg/RsZK9tjXd8s4UcwR0MWeFQ1XEKIQVVvAGJyINdrqKMcTRyLoK8Rse1GjzLV9cwjWV1olXRWEXVA=="
		},
		"array-flatten": {
			"version": "2.1.2",
			"resolved": "https://registry.npmjs.org/array-flatten/-/array-flatten-2.1.2.tgz",
			"integrity": "sha512-hNfzcOV8W4NdualtqBFPyVO+54DSJuZGY9qT4pRroB6S9e3iiido2ISIC5h9R2sPJ8H3FHCIiEnsv1lPXO3KtQ=="
		},
		"bonjour": {
			"version": "3.5.1",
			"resolved": "https://registry.npmjs.org/bonjour/-/bonjour-3.5.1.tgz",
			"integrity": "sha512-xONzj4PfpPJw6xSqCcT2SmQkBOXpUINUz3o3qXcWJwYlXbkZNcNaUae0o5lle7tKt4HHV6dTgkIRhAXZ3nBMsQ==",
			"requires": {
				"array-flatten": "^2.1.0",
				"deep-equal": "^1.0.1",
				"dns-equal": "^1.0.0",
				"dns-txt": "^2.0.2",
				"multicast-dns": "^7.2.3",
				"multicast-dns-service-types": "^1.1.0"
			}
		},
		"buffer-indexof": {
			"version": "1.1.1",
			"resolved": "https://registry.npmjs.org/buffer-indexof/-/buffer-indexof-1.1.1.tgz",
			"integrity": "sha512-4/rOEg86jivtPTeOUUT61jJO1Ya1TrR/OkqCSZDyq84WJh3LuuiphBYJN+fm5xufIk4XAFcEwte/8WzC8If/1g=="
		},
		"call-bind": {
			"version": "1.0.2",
			"resolved": "https://registry.npmjs.org/call-bind/-/call-bind-1.0.2.tgz",
			"integrity": "sha512-7O+FbCihrB5WGbFYesctwmTKae6rOiIzmz1icreWJ+0aA7LJfuqhEso2T9ncpcFtzMQtzXf2QGGueWJGTYsqrA==",
			"requires": {
				"function-bind": "^1.1.1",
				"get-intrinsic": "^1.0.2"
			}
		},
		"cli-color": {
			"version": "2.0.4",
			"resolved": "https://registry.npmjs.org/cli-color/-/cli-color-2.0.4.tgz",
			"integrity": "sha512-zlnpg0jNcibNrO7GG9IeHH7maWFeCz+Ja1wx/7tZNU5ASSSSZ+/qZciM0/LHCYxSdqv5h2sdbQ/PXYdOuetXvA==",
			"requires": {
				"d": "^1.0.1",
				"es5-ext": "^0.10.64",
				"es6-iterator": "^2.0.3",
				"memoizee": "^0.4.15",
				"timers-ext": "^0.1.7"
			}
		},
		"d": {
			"version": "1.0.1",
			"resolved": "https://registry.npmjs.org/d/-/d-1.0.1.tgz",
			"integrity": "sha512-m62ShEObQ39CfralilEQRjH6oAMtNCV1xJyEx5LpRYUVN+EviphDgUc/F3hnYbADmkiNs67Y+3ylmlG7Lnu+FA==",
			"requires": {
				"es5-ext": "^0.10.50",
				"type": "^1.0.1"
			}
		},
		"debug": {
			"version": "4.4.3",
			"resolved": "https://registry.npmjs.org/debug/-/debug-4.4.3.tgz",
			"integrity": "sha512-RGwwWnwQvkVfavKVt22FGLw+xYSdzARwm0ru6DhTVA3umU5hZc28V3kO4stgYryrTlLpuvgI9GiijltAjNbcqA==",
			"requires": {
				"ms": "^2.1.3"
			}
		},
		"deep-equal": {
			"version": "1.1.1",
			"resolved": "https://registry.npmjs.org/deep-equal/-/deep-equal-1.1.1.tgz",
			"integrity": "sha512-yd9c5AdiqVcR+JjcwUQb9DkhJc8ngNr0MahEBGvDiJw8puWab2yZlh+nkasOnZP+EGTAP6rRp2JzJhJZzvNF8g==",
			"requires": {
				"is-arguments": "^1.0.4",
				"is-date-object": "^1.0.1",
				"is-regex": "^1.0.4",
				"object-is": "^1.0.1",
				"object-keys": "^1.1.1",
				"regexp.prototype.flags": "^1.2.0"
			}
		},
		"define-properties": {
			"version": "1.1.3",
			"resolved": "https://registry.npmjs.org/define-properties/-/define-properties-1.1.3.tgz",
			"integrity": "sha512-3MqfYKj2lLzdMSf8ZIZE/V+Zuy+BgD6f164e8K2w7dgnpKArBDerGYpM46IYYcjnkdPNMjPk9A6VFB8+3SKlXQ==",
			"requires": {
				"object-keys": "^1.0.12"
			}
		},
		"dns-equal": {
			"version": "1.0.0",
			"resolved": "https://registry.npmjs.org/dns-equal/-/dns-equal-1.0.0.tgz",
			"integrity": "sha1-s55/HabrCnW6nBcySzR1PEfgZU0="
		},
		"dns-packet": {
			"version": "5.6.1",
			"resolved": "https://registry.npmjs.org/dns-packet/-/dns-packet-5.6.1.tgz",
			"integrity": "sha512-l4gcSouhcgIKRvyy99RNVOgxXiicE+2jZoNmaNmZ6JXiGajBOJAesk1OBlJuM5k2c+eudGdLxDqXuPCKIj6kpw==",
			"requires": {
				"@leichtgewicht/ip-codec": "^2.0.1"
			}
		},
		"dns-txt": {
			"version": "2.0.2",
			"resolved": "https://registry.npmjs.org/dns-txt/-/dns-txt-2.0.2.tgz",
			"integrity": "sha1-uR2Ab10nGI5Ks+fRB9iBocxGQrY=",
			"requires": {
				"buffer-indexof": "^1.0.0"
			}
		},
		"engine.io-client": {
			"version": "6.6.6",
			"resolved": "https://registry.npmjs.org/engine.io-client/-/engine.io-client-6.6.6.tgz",
			"integrity": "sha512-iY6QdftLQ9pyiPoX082bpf/u1UewnOaJrtJIF9T0++QB34lZrj0uP+Q/bj8AlUsAxqhnkTV2BS8SBZSxOmoV5Q==",
			"requires": {
				"@socket.io/component-emitter": "~3.1.0",
				"debug": "~4.4.1",
				"engine.io-parser": "~5.2.1",
				"ws": "~8.21.0",
				"xmlhttprequest-ssl": "~2.1.1"
			}
		},
		"engine.io-parser": {
			"version": "5.2.3",
			"resolved": "https://registry.npmjs.org/engine.io-parser/-/engine.io-parser-5.2.3.tgz",
			"integrity": "sha512-HqD3yTBfnBxIrbnM1DoD6Pcq8NECnh8d4As1Qgh0z5Gg3jRRIqijury0CL3ghu/edArpUYiYqQiDUQBIs4np3Q=="
		},
		"es5-ext": {
			"version": "0.10.64",
			"resolved": "https://registry.npmjs.org/es5-ext/-/es5-ext-0.10.64.tgz",
			"integrity": "sha512-p2snDhiLaXe6dahss1LddxqEm+SkuDvV8dnIQG0MWjyHpcMNfXKPE+/Cc0y+PhxJX3A4xGNeFCj5oc0BUh6deg==",
			"requires": {
				"es6-iterator": "^2.0.3",
				"es6-symbol": "^3.1.3",
				"esniff": "^2.0.1",
				"next-tick": "^1.1.0"
			}
		},
		"es6-iterator": {
			"version": "2.0.3",
			"resolved": "https://registry.npmjs.org/es6-iterator/-/es6-iterator-2.0.3.tgz",
			"integrity": "sha1-p96IkUGgWpSwhUQDstCg+/qY87c=",
			"requires": {
				"d": "1",
				"es5-ext": "^0.10.35",
				"es6-symbol": "^3.1.1"
			}
		},
		"es6-symbol": {
			"version": "3.1.3",
			"resolved": "https://registry.npmjs.org/es6-symbol/-/es6-symbol-3.1.3.tgz",
			"integrity": "sha512-NJ6Yn3FuDinBaBRWl/q5X/s4koRHBrgKAu+yGI6JCBeiu3qrcbJhwT2GeR/EXVfylRk8dpQVJoLEFhK+Mu31NA==",
			"requires": {
				"d": "^1.0.1",
				"ext": "^1.1.2"
			}
		},
		"es6-weak-map": {
			"version": "2.0.3",
			"resolved": "https://registry.npmjs.org/es6-weak-map/-/es6-weak-map-2.0.3.tgz",
			"integrity": "sha512-p5um32HOTO1kP+w7PRnB+5lQ43Z6muuMuIMffvDN8ZB4GcnjLBV6zGStpbASIMk4DCAvEaamhe2zhyCb/QXXsA==",
			"requires": {
				"d": "1",
				"es5-ext": "^0.10.46",
				"es6-iterator": "^2.0.3",
				"es6-symbol": "^3.1.1"
			}
		},
		"esniff": {
			"version": "2.0.1",
			"resolved": "https://registry.npmjs.org/esniff/-/esniff-2.0.1.tgz",
			"integrity": "sha512-kTUIGKQ/mDPFoJ0oVfcmyJn4iBDRptjNVIzwIFR7tqWXdVI9xfA2RMwY/gbSpJG3lkdWNEjLap/NqVHZiJsdfg==",
			"requires": {
				"d": "^1.0.1",
				"es5-ext": "^0.10.62",
				"event-emitter": "^0.3.5",
				"type": "^2.7.2"
			},
			"dependencies": {
				"type": {
					"version": "2.7.2",
					"resolved": "https://registry.npmjs.org/type/-/type-2.7.2.tgz",
					"integrity": "sha512-dzlvlNlt6AXU7EBSfpAscydQ7gXB+pPGsPnfJnZpiNJBDj7IaJzQlBZYGdEi4R9HmPdBv2XmWJ6YUtoTa7lmCw=="
				}
			}
		},
		"event-emitter": {
			"version": "0.3.5",
			"resolved": "https://registry.npmjs.org/event-emitter/-/event-emitter-0.3.5.tgz",
			"integrity": "sha1-34xp7vFkeSPHFXuc6DhAYQsCzDk=",
			"requires": {
				"d": "1",
				"es5-ext": "~0.10.14"
			}
		},
		"ext": {
			"version": "1.6.0",
			"resolved": "https://registry.npmjs.org/ext/-/ext-1.6.0.tgz",
			"integrity": "sha512-sdBImtzkq2HpkdRLtlLWDa6w4DX22ijZLKx8BMPUuKe1c5lbN6xwQDQCxSfxBQnHZ13ls/FH0MQZx/q/gr6FQg==",
			"requires": {
				"type": "^2.5.0"
			},
			"dependencies": {
				"type": {
					"version": "2.5.0",
					"resolved": "https://registry.npmjs.org/type/-/type-2.5.0.tgz",
					"integrity": "sha512-180WMDQaIMm3+7hGXWf12GtdniDEy7nYcyFMKJn/eZz/6tSLXrUN9V0wKSbMjej0I1WHWbpREDEKHtqPQa9NNw=="
				}
			}
		},
		"function-bind": {
			"version": "1.1.1",
			"resolved": "https://registry.npmjs.org/function-bind/-/function-bind-1.1.1.tgz",
			"integrity": "sha512-yIovAzMX49sF8Yl58fSCWJ5svSLuaibPxXQJFLmBObTuCr0Mf1KiPopGM9NiFjiYBCbfaa2Fh6breQ6ANVTI0A=="
		},
		"get-intrinsic": {
			"version": "1.1.1",
			"resolved": "https://registry.npmjs.org/get-intrinsic/-/get-intrinsic-1.1.1.tgz",
			"integrity": "sha512-kWZrnVM42QCiEA2Ig1bG8zjoIMOgxWwYCEeNdwY6Tv/cOSeGpcoX4pXHfKUxNKVoArnrEr2e9srnAxxGIraS9Q==",
			"requires": {
				"function-bind": "^1.1.1",
				"has": "^1.0.3",
				"has-symbols": "^1.0.1"
			}
		},
		"has": {
			"version": "1.0.3",
			"resolved": "https://registry.npmjs.org/has/-/has-1.0.3.tgz",
			"integrity": "sha512-f2dvO0VU6Oej7RkWJGrehjbzMAjFp5/VKPp5tTpWIV4JHHZK1/BxbFRtf/siA2SWTe09caDmVtYYzWEIbBS4zw==",
			"requires": {
				"function-bind": "^1.1.1"
			}
		},
		"has-symbols": {
			"version": "1.0.2",
			"resolved": "https://registry.npmjs.org/has-symbols/-/has-symbols-1.0.2.tgz",
			"integrity": "sha512-chXa79rL/UC2KlX17jo3vRGz0azaWEx5tGqZg5pO3NUyEJVB17dMruQlzCCOfUvElghKcm5194+BCRvi2Rv/Gw=="
		},
		"has-tostringtag": {
			"version": "1.0.0",
			"resolved": "https://registry.npmjs.org/has-tostringtag/-/has-tostringtag-1.0.0.tgz",
			"integrity": "sha512-kFjcSNhnlGV1kyoGk7OXKSawH5JOb/LzUc5w9B02hOTO0dfFRjbHQKvg1d6cf3HbeUmtU9VbbV3qzZ2Teh97WQ==",
			"requires": {
				"has-symbols": "^1.0.2"
			}
		},
		"is-arguments": {
			"version": "1.1.1",
			"resolved": "https://registry.npmjs.org/is-arguments/-/is-arguments-1.1.1.tgz",
			"integrity": "sha512-8Q7EARjzEnKpt/PCD7e1cgUS0a6X8u5tdSiMqXhojOdoV9TsMsiO+9VLC5vAmO8N7/GmXn7yjR8qnA6bVAEzfA==",
			"requires": {
				"call-bind": "^1.0.2",
				"has-tostringtag": "^1.0.0"
			}
		},
		"is-date-object": {
			"version": "1.0.5",
			"resolved": "https://registry.npmjs.org/is-date-object/-/is-date-object-1.0.5.tgz",
			"integrity": "sha512-9YQaSxsAiSwcvS33MBk3wTCVnWK+HhF8VZR2jRxehM16QcVOdHqPn4VPHmRK4lSr38n9JriurInLcP90xsYNfQ==",
			"requires": {
				"has-tostringtag": "^1.0.0"
			}
		},
		"is-promise": {
			"version": "2.2.2",
			"resolved": "https://registry.npmjs.org/is-promise/-/is-promise-2.2.2.tgz",
			"integrity": "sha512-+lP4/6lKUBfQjZ2pdxThZvLUAafmZb8OAxFb8XXtiQmS35INgr85hdOGoEs124ez1FCnZJt6jau/T+alh58QFQ=="
		},
		"is-regex": {
			"version": "1.1.4",
			"resolved": "https://registry.npmjs.org/is-regex/-/is-regex-1.1.4.tgz",
			"integrity": "sha512-kvRdxDsxZjhzUX07ZnLydzS1TU/TJlTUHHY4YLL87e37oUA49DfkLqgy+VjFocowy29cKvcSiu+kIv728jTTVg==",
			"requires": {
				"call-bind": "^1.0.2",
				"has-tostringtag": "^1.0.0"
			}
		},
		"lru-queue": {
			"version": "0.1.0",
			"resolved": "https://registry.npmjs.org/lru-queue/-/lru-queue-0.1.0.tgz",
			"integrity": "sha1-Jzi9nw089PhEkMVzbEhpmsYyzaM=",
			"requires": {
				"es5-ext": "~0.10.2"
			}
		},
		"memoizee": {
			"version": "0.4.15",
			"resolved": "https://registry.npmjs.org/memoizee/-/memoizee-0.4.15.tgz",
			"integrity": "sha512-UBWmJpLZd5STPm7PMUlOw/TSy972M+z8gcyQ5veOnSDRREz/0bmpyTfKt3/51DhEBqCZQn1udM/5flcSPYhkdQ==",
			"requires": {
				"d": "^1.0.1",
				"es5-ext": "^0.10.53",
				"es6-weak-map": "^2.0.3",
				"event-emitter": "^0.3.5",
				"is-promise": "^2.2.2",
				"lru-queue": "^0.1.0",
				"next-tick": "^1.1.0",
				"timers-ext": "^0.1.7"
			}
		},
		"ms": {
			"version": "2.1.3",
			"resolved": "https://registry.npmjs.org/ms/-/ms-2.1.3.tgz",
			"integrity": "sha512-6FlzubTLZG3J2a/NVCAleEhjzq5oxgHyaCU9yYXvcLsvoVaHJq/s5xXI6/XXP6tz7R9xAOtHnSO/tXtF3WRTlA=="
		},
		"multicast-dns": {
			"version": "7.2.5",
			"resolved": "https://registry.npmjs.org/multicast-dns/-/multicast-dns-7.2.5.tgz",
			"integrity": "sha512-2eznPJP8z2BFLX50tf0LuODrpINqP1RVIm/CObbTcBRITQgmC/TjcREF1NeTBzIcR5XO/ukWo+YHOjBbFwIupg==",
			"requires": {
				"dns-packet": "^5.2.2",
				"thunky": "^1.0.2"
			}
		},
		"multicast-dns-service-types": {
			"version": "1.1.0",
			"resolved": "https://registry.npmjs.org/multicast-dns-service-types/-/multicast-dns-service-types-1.1.0.tgz",
			"integrity": "sha1-iZ8R2WhuXgXLkbNdXw5jt3PPyQE="
		},
		"next-tick": {
			"version": "1.1.0",
			"resolved": "https://registry.npmjs.org/next-tick/-/next-tick-1.1.0.tgz",
			"integrity": "sha512-CXdUiJembsNjuToQvxayPZF9Vqht7hewsvy2sOWafLvi2awflj9mOC6bHIg50orX8IJvWKY9wYQ/zB2kogPslQ=="
		},
		"node-addon-api": {
			"version": "8.9.2",
			"resolved": "https://registry.npmjs.org/node-addon-api/-/node-addon-api-8.9.2.tgz",
			"integrity": "sha512-VijLXbi3UACN69I0JVXJsX4tjACjNoQDgv2gTF6sx2wWEi8tkSg2eX8p5gSIFi8z2+DL3oHmY6OyKce38SDolg=="
		},
		"node-hid": {
			"version": "3.4.0",
			"resolved": "https://registry.npmjs.org/node-hid/-/node-hid-3.4.0.tgz",
			"integrity": "sha512-Br7EO3bJARAJBdtcsGzF/Vs5TjfbkaMdglqLQ+Rk9GOGgVqv5DxYUVH5znLerJU+OfBWw8sd552Ujcprz1bG9g==",
			"requires": {
				"node-addon-api": "^8.9.0",
				"pkg-prebuilds": "^1.1.0"
			}
		},
		"object-is": {
			"version": "1.1.5",
			"resolved": "https://registry.npmjs.org/object-is/-/object-is-1.1.5.tgz",
			"integrity": "sha512-3cyDsyHgtmi7I7DfSSI2LDp6SK2lwvtbg0p0R1e0RvTqF5ceGx+K2dfSjm1bKDMVCFEDAQvy+o8c6a7VujOddw==",
			"requires": {
				"call-bind": "^1.0.2",
				"define-properties": "^1.1.3"
			}
		},
		"object-keys": {
			"version": "1.1.1",
			"resolved": "https://registry.npmjs.org/object-keys/-/object-keys-1.1.1.tgz",
			"integrity": "sha512-NuAESUOUMrlIXOfHKzD6bpPu3tYt3xvjNdRIQ+FeT0lNb4K8WR70CaDxhuNguS2XG+GjkyMwOzsN5ZktImfhLA=="
		},
		"pkg-prebuilds": {
			"version": "1.1.0",
			"resolved": "https://registry.npmjs.org/pkg-prebuilds/-/pkg-prebuilds-1.1.0.tgz",
			"integrity": "sha512-jyai+KTQ2OwbN6iRYw88XbYOMgtpoSYJpjYebx7d9ihqz3txNi3ucsBt3va0iVWe6svSlaqpijMHFF/eJCMZzg=="
		},
		"regexp.prototype.flags": {
			"version": "1.3.1",
			"resolved": "https://registry.npmjs.org/regexp.prototype.flags/-/regexp.prototype.flags-1.3.1.tgz",
			"integrity": "sha512-JiBdRBq91WlY7uRJ0ds7R+dU02i6LKi8r3BuQhNXn+kmeLN+EfHhfjqMRis1zJxnlu88hq/4dx0P2OP3APRTOA==",
			"requires": {
				"call-bind": "^1.0.2",
				"define-properties": "^1.1.3"
			}
		},
		"socket.io-client": {
			"version": "4.8.3",
			"resolved": "https://registry.npmjs.org/socket.io-client/-/socket.io-client-4.8.3.tgz",
			"integrity": "sha512-uP0bpjWrjQmUt5DTHq9RuoCBdFJF10cdX9X+a368j/Ft0wmaVgxlrjvK3kjvgCODOMMOz9lcaRzxmso0bTWZ/g==",
			"requires": {
				"@socket.io/component-emitter": "~3.1.0",
				"debug": "~4.4.1",
				"engine.io-client": "~6.6.1",
				"socket.io-parser": "~4.2.4"
			}
		},
		"socket.io-parser": {
			"version": "4.2.7",
			"resolved": "https://registry.npmjs.org/socket.io-parser/-/socket.io-parser-4.2.7.tgz",
			"integrity": "sha512-IH/iSeO9T6gz1KkFleGDWkG9N3dl4jXVYUtMhIqH10Md0ttMer8nUNWiP1DKuNrybD2xBrixLJdCC9J6ECoYkg==",
			"requires": {
				"@socket.io/component-emitter": "~3.1.0",
				"debug": "~4.4.1"
			}
		},
		"thunky": {
			"version": "1.1.0",
			"resolved": "https://registry.npmjs.org/thunky/-/thunky-1.1.0.tgz",
			"integrity": "sha512-eHY7nBftgThBqOyHGVN+l8gF0BucP09fMo0oO/Lb0w1OF80dJv+lDVpXG60WMQvkcxAkNybKsrEIE3ZtKGmPrA=="
		},
		"timers-ext": {
			"version": "0.1.7",
			"resolved": "https://registry.npmjs.org/timers-ext/-/timers-ext-0.1.7.tgz",
			"integrity": "sha512-b85NUNzTSdodShTIbky6ZF02e8STtVVfD+fu4aXXShEELpozH+bCpJLYMPZbsABN2wDH7fJpqIoXxJpzbf0NqQ==",
			"requires": {
				"es5-ext": "~0.10.46",
				"next-tick": "1"
			}
		},
		"type": {
			"version": "1.2.0",
			"resolved": "https://registry.npmjs.org/type/-/type-1.2.0.tgz",
			"integrity": "sha512-+5nt5AAniqsCnu2cEQQdpzCAh33kVx8n0VoFidKpB1dVVLAN/F+bgVOqOJqOnEnrhp222clB5p3vUlD+1QAnfg=="
		},
		"uuid": {
			"version": "14.0.1",
			"resolved": "https://registry.npmjs.org/uuid/-/uuid-14.0.1.tgz",
			"integrity": "sha512-6ZxzVpzDXDa3bJWaHilVayA+BH/1zmxCJoVgvmqJnid/gPoKHxUrS/aC/T6LGQtNHT+XHG9fXPJB4d+IrU30Ew=="
		},
		"ws": {
			"version": "8.21.0",
			"resolved": "https://registry.npmjs.org/ws/-/ws-8.21.0.tgz",
			"integrity": "sha512-Vsp28b7DRcimFQvrqu2Wek3z1iYxDCWqHYB8Qsnk/S4RfaCQzPGPyBNuVjJV3cd6UiKtUtp6sNM77gWvzcCH+g==",
			"requires": {}
		},
		"xmlhttprequest-ssl": {
			"version": "2.1.2",
			"resolved": "https://registry.npmjs.org/xmlhttprequest-ssl/-/xmlhttprequest-ssl-2.1.2.tgz",
			"integrity": "sha512-TEU+nJVUUnA4CYJFLvK5X9AOeH4KvDvhIfm0vV1GaQRtchnG0hgK5p8hw/xjv8cunWYCsiPCSDzObPyhEwq3KQ=="
		}
	}
}
